// !$*UTF8*$!
{
	archiveVersion = 1;
	classes = {
	};
	objectVersion = 46;
	objects = {

/* Begin PBXBuildFile section */
		6FC9324C1F565E2500C9952F /* AppDelegate.swift in Sources */ = {isa = PBXBuildFile; fileRef = 6FC9324B1F565E2500C9952F /* AppDelegate.swift */; };
		6FC9324E1F565E2500C9952F /* ViewController.swift in Sources */ = {isa = PBXBuildFile; fileRef = 6FC9324D1F565E2500C9952F /* ViewController.swift */; };
		6FC932511F565E2500C9952F /* Main.storyboard in Resources */ = {isa = PBXBuildFile; fileRef = 6FC9324F1F565E2500C9952F /* Main.storyboard */; };
		6FC932531F565E2500C9952F /* Assets.xcassets in Resources */ = {isa = PBXBuildFile; fileRef = 6FC932521F565E2500C9952F /* Assets.xcassets */; };
		6FC932561F565E2500C9952F /* LaunchScreen.storyboard in Resources */ = {isa = PBXBuildFile; fileRef = 6FC932541F565E2500C9952F /* LaunchScreen.storyboard */; };
		6FC932641F565E5800C9952F /* UIButton+Statistical.m in Sources */ = {isa = PBXBuildFile; fileRef = 6FC9325F1F565E5800C9952F /* UIButton+Statistical.m */; };
		6FC932651F565E5800C9952F /* UITableView+Statisical.m in Sources */ = {isa = PBXBuildFile; fileRef = 6FC932611F565E5800C9952F /* UITableView+Statisical.m */; };
		6FC932661F565E5800C9952F /* UIViewController+Statistical.m in Sources */ = {isa = PBXBuildFile; fileRef = 6FC932631F565E5800C9952F /* UIViewController+Statistical.m */; };
/* End PBXBuildFile section */

/* Begin PBXFileReference section */
		6FC932481F565E2500C9952F /* RunTimeDemo.app */ = {isa = PBXFileReference; explicitFileType = wrapper.application; includeInIndex = 0; path = RunTimeDemo.app; sourceTree = BUILT_PRODUCTS_DIR; };
		6FC9324B1F565E2500C9952F /* AppDelegate.swift */ = {isa = PBXFileReference; lastKnownFileType = sourcecode.swift; path = AppDelegate.swift; sourceTree = "<group>"; };
		6FC9324D1F565E2500C9952F /* ViewController.swift */ = {isa = PBXFileReference; lastKnownFileType = sourcecode.swift; path = ViewController.swift; sourceTree = "<group>"; };
		6FC932501F565E2500C9952F /* Base */ = {isa = PBXFileReference; lastKnownFileType = file.storyboard; name = Base; path = Base.lproj/Main.storyboard; sourceTree = "<group>"; };
		6FC932521F565E2500C9952F /* Assets.xcassets */ = {isa = PBXFileReference; lastKnownFileType = folder.assetcatalog; path = Assets.xcassets; sourceTree = "<group>"; };
		6FC932551F565E2500C9952F /* Base */ = {isa = PBXFileReference; lastKnownFileType = file.storyboard; name = Base; path = Base.lproj/LaunchScreen.storyboard; sourceTree = "<group>"; };
		6FC932571F565E2500C9952F /* Info.plist */ = {isa = PBXFileReference; lastKnownFileType = text.plist.xml; path = Info.plist; sourceTree = "<group>"; };
		6FC9325E1F565E5800C9952F /* UIButton+Statistical.h */ = {isa = PBXFileReference; fileEncoding = 4; lastKnownFileType = sourcecode.c.h; path = "UIButton+Statistical.h"; sourceTree = "<group>"; };
		6FC9325F1F565E5800C9952F /* UIButton+Statistical.m */ = {isa = PBXFileReference; fileEncoding = 4; lastKnownFileType = sourcecode.c.objc; path = "UIButton+Statistical.m"; sourceTree = "<group>"; };
		6FC932601F565E5800C9952F /* UITableView+Statisical.h */ = {isa = PBXFileReference; fileEncoding = 4; lastKnownFileType = sourcecode.c.h; path = "UITableView+Statisical.h"; sourceTree = "<group>"; };
		6FC932611F565E5800C9952F /* UITableView+Statisical.m */ = {isa = PBXFileReference; fileEncoding = 4; lastKnownFileType = sourcecode.c.objc; path = "UITableView+Statisical.m"; sourceTree = "<group>"; };
		6FC932621F565E5800C9952F /* UIViewController+Statistical.h */ = {isa = PBXFileReference; fileEncoding = 4; lastKnownFileType = sourcecode.c.h; path = "UIViewController+Statistical.h"; sourceTree = "<group>"; };
		6FC932631F565E5800C9952F /* UIViewController+Statistical.m */ = {isa = PBXFileReference; fileEncoding = 4; lastKnownFileType = sourcecode.c.objc; path = "UIViewController+Statistical.m"; sourceTree = "<group>"; };
/* End PBXFileReference section */

/* Begin PBXFrameworksBuildPhase section */
		6FC932451F565E2500C9952F /* Frameworks */ = {
			isa = PBXFrameworksBuildPhase;
			buildActionMask = 2147483647;
			files = (
			);
			runOnlyForDeploymentPostprocessing = 0;
		};
/* End PBXFrameworksBuildPhase section */

/* Begin PBXGroup section */
		6FC9323F1F565E2500C9952F = {
			isa = PBXGroup;
			children = (
				6FC9324A1F565E2500C9952F /* RunTimeDemo */,
				6FC932491F565E2500C9952F /* Products */,
			);
			sourceTree = "<group>";
		};
		6FC932491F565E2500C9952F /* Products */ = {
			isa = PBXGroup;
			children = (
				6FC932481F565E2500C9952F /* RunTimeDemo.app */,
			);
			name = Products;
			sourceTree = "<group>";
		};
		6FC9324A1F565E2500C9952F /* RunTimeDemo */ = {
			isa = PBXGroup;
			children = (
				6FC9324B1F565E2500C9952F /* AppDelegate.swift */,
				6FC9324D1F565E2500C9952F /* ViewController.swift */,
				6FC9324F1F565E2500C9952F /* Main.storyboard */,
				6FC9325D1F565E5800C9952F /* Tool */,
				6FC932521F565E2500C9952F /* Assets.xcassets */,
				6FC932541F565E2500C9952F /* LaunchScreen.storyboard */,
				6FC932571F565E2500C9952F /* Info.plist */,
			);
			path = RunTimeDemo;
			sourceTree = "<group>";
		};
		6FC9325D1F565E5800C9952F /* Tool */ = {
			isa = PBXGroup;
			children = (
				6FC9325E1F565E5800C9952F /* UIButton+Statistical.h */,
				6FC9325F1F565E5800C9952F /* UIButton+Statistical.m */,
				6FC932601F565E5800C9952F /* UITableView+Statisical.h */,
				6FC932611F565E5800C9952F /* UITableView+Statisical.m */,
				6FC932621F565E5800C9952F /* UIViewController+Statistical.h */,
				6FC932631F565E5800C9952F /* UIViewController+Statistical.m */,
			);
			path = Tool;
			sourceTree = "<group>";
		};
/* End PBXGroup section */

/* Begin PBXNativeTarget section */
		6FC932471F565E2500C9952F /* RunTimeDemo */ = {
			isa = PBXNativeTarget;
			buildConfigurationList = 6FC9325A1F565E2500C9952F /* Build configuration list for PBXNativeTarget "RunTimeDemo" */;
			buildPhases = (
				6FC932441F565E2500C9952F /* Sources */,
				6FC932451F565E2500C9952F /* Frameworks */,
				6FC932461F565E2500C9952F /* Resources */,
			);
			buildRules = (
			);
			dependencies = (
			);
			name = RunTimeDemo;
			productName = RunTimeDemo;
			productReference = 6FC932481F565E2500C9952F /* RunTimeDemo.app */;
			productType = "com.apple.product-type.application";
		};
/* End PBXNativeTarget section */

/* Begin PBXProject section */
		6FC932401F565E2500C9952F /* Project object */ = {
			isa = PBXProject;
			attributes = {
				LastSwiftUpdateCheck = 0830;
				LastUpgradeCheck = 0830;
				ORGANIZATIONNAME = "吴海瑞";
				TargetAttributes = {
					6FC932471F565E2500C9952F = {
						CreatedOnToolsVersion = 8.3.3;
						ProvisioningStyle = Automatic;
					};
				};
			};
			buildConfigurationList = 6FC932431F565E2500C9952F /* Build configuration list for PBXProject "RunTimeDemo" */;
			compatibilityVersion = "Xcode 3.2";
			developmentRegion = English;
			hasScannedForEncodings = 0;
			knownRegions = (
				en,
				Base,
			);
			mainGroup = 6FC9323F1F565E2500C9952F;
			productRefGroup = 6FC932491F565E2500C9952F /* Products */;
			projectDirPath = "";
			projectRoot = "";
			targets = (
				6FC932471F565E2500C9952F /* RunTimeDemo */,
			);
		};
/* End PBXProject section */

/* Begin PBXResourcesBuildPhase section */
		6FC932461F565E2500C9952F /* Resources */ = {
			isa = PBXResourcesBuildPhase;
			buildActionMask = 2147483647;
			files = (
				6FC932561F565E2500C9952F /* LaunchScreen.storyboard in Resources */,
				6FC932531F565E2500C9952F /* Assets.xcassets in Resources */,
				6FC932511F565E2500C9952F /* Main.storyboard in Resources */,
			);
			runOnlyForDeploymentPostprocessing = 0;
		};
/* End PBXResourcesBuildPhase section */

/* Begin PBXSourcesBuildPhase section */
		6FC932441F565E2500C9952F /* Sources */ = {
			isa = PBXSourcesBuildPhase;
			buildActionMask = 2147483647;
			files = (
				6FC932651F565E5800C9952F /* UITableView+Statisical.m in Sources */,
				6FC9324E1F565E2500C9952F /* ViewController.swift in Sources */,
				6FC932661F565E5800C9952F /* UIViewController+Statistical.m in Sources */,
				6FC932641F565E5800C9952F /* UIButton+Statistical.m in Sources */,
				6FC9324C1F565E2500C9952F /* AppDelegate.swift in Sources */,
			);
			runOnlyForDeploymentPostprocessing = 0;
		};
/* End PBXSourcesBuildPhase section */

/* Begin PBXVariantGroup section */
		6FC9324F1F565E2500C9952F /* Main.storyboard */ = {
			isa = PBXVariantGroup;
			children = (
				6FC932501F565E2500C9952F /* Base */,
			);
			name = Main.storyboard;
			sourceTree = "<group>";
		};
		6FC932541F565E2500C9952F /* LaunchScreen.storyboard */ = {
			isa = PBXVariantGroup;
			children = (
				6FC932551F565E2500C9952F /* Base */,
			);
			name = LaunchScreen.storyboard;
			sourceTree = "<group>";
		};
/* End PBXVariantGroup section */

/* Begin XCBuildConfiguration section */
		6FC932581F565E2500C9952F /* Debug */ = {
			isa = XCBuildConfiguration;
			buildSettings = {
				ALWAYS_SEARCH_USER_PATHS = NO;
				CLANG_ANALYZER_NONNULL = YES;
				CLANG_ANALYZER_NUMBER_OBJECT_CONVERSION = YES_AGGRESSIVE;
				CLANG_CXX_LANGUAGE_STANDARD = "gnu++0x";
				CLANG_CXX_LIBRARY = "libc++";
				CLANG_ENABLE_MODULES = YES;
				CLANG_ENABLE_OBJC_ARC = YES;
				CLANG_WARN_BOOL_CONVERSION = YES;
				CLANG_WARN_CONSTANT_CONVERSION = YES;
				CLANG_WARN_DIRECT_OBJC_ISA_USAGE = YES_ERROR;
				CLANG_WARN_DOCUMENTATION_COMMENTS = YES;
				CLANG_WARN_EMPTY_BODY = YES;
				CLANG_WARN_ENUM_CONVERSION = YES;
				CLANG_WARN_INFINITE_RECURSION = YES;
				CLANG_WARN_INT_CONVERSION = YES;
				CLANG_WARN_OBJC_ROOT_CLASS = YES_ERROR;
				CLANG_WARN_SUSPICIOUS_MOVE = YES;
				CLANG_WARN_UNREACHABLE_CODE = YES;
				CLANG_WARN__DUPLICATE_METHOD_MATCH = YES;
				"CODE_SIGN_IDENTITY[sdk=iphoneos*]" = "iPhone Developer";
				COPY_PHASE_STRIP = NO;
				DEBUG_INFORMATION_FORMAT = dwarf;
				ENABLE_STRICT_OBJC_MSGSEND = YES;
				ENABLE_TESTABILITY = YES;
				GCC_C_LANGUAGE_STANDARD = gnu99;
				GCC_DYNAMIC_NO_PIC = NO;
				GCC_NO_COMMON_BLOCKS = YES;
				GCC_OPTIMIZATION_LEVEL = 0;
				GCC_PREPROCESSOR_DEFINITIONS = (
					"DEBUG=1",
					"$(inherited)",
				);
				GCC_WARN_64_TO_32_BIT_CONVERSION = YES;
				GCC_WARN_ABOUT_RETURN_TYPE = YES_ERROR;
				GCC_WARN_UNDECLARED_SELECTOR = YES;
				GCC_WARN_UNINITIALIZED_AUTOS = YES_AGGRESSIVE;
				GCC_WARN_UNUSED_FUNCTION = YES;
				GCC_WARN_UNUSED_VARIABLE = YES;
				IPHONEOS_DEPLOYMENT_TARGET = 10.3;
				MTL_ENABLE_DEBUG_INFO = YES;
				ONLY_ACTIVE_ARCH = YES;
				SDKROOT = iphoneos;
				SWIFT_ACTIVE_COMPILATION_CONDITIONS = DEBUG;
				SWIFT_OPTIMIZATION_LEVEL = "-Onone";
			};
			name = Debug;
		};
		6FC932591F565E2500C9952F /* Release */ = {
			isa = XCBuildConfiguration;
			buildSettings = {
				ALWAYS_SEARCH_USER_PATHS = NO;
				CLANG_ANALYZER_NONNULL = YES;
				CLANG_ANALYZER_NUMBER_OBJECT_CONVERSION = YES_AGGRESSIVE;
				CLANG_CXX_LANGUAGE_STANDARD = "gnu++0x";
				CLANG_CXX_LIBRARY = "libc++";
				CLANG_ENABLE_MODULES = YES;
				CLANG_ENABLE_OBJC_ARC = YES;
				CLANG_WARN_BOOL_CONVERSION = YES;
				CLANG_WARN_CONSTANT_CONVERSION = YES;
				CLANG_WARN_DIRECT_OBJC_ISA_USAGE = YES_ERROR;
				CLANG_WARN_DOCUMENTATION_COMMENTS = YES;
				CLANG_WARN_EMPTY_BODY = YES;
				CLANG_WARN_ENUM_CONVERSION = YES;
				CLANG_WARN_INFINITE_RECURSION = YES;
				CLANG_WARN_INT_CONVERSION = YES;
				CLANG_WARN_OBJC_ROOT_CLASS = YES_ERROR;
				CLANG_WARN_SUSPICIOUS_MOVE = YES;
				CLANG_WARN_UNREACHABLE_CODE = YES;
				CLANG_WARN__DUPLICATE_METHOD_MATCH = YES;
				"CODE_SIGN_IDENTITY[sdk=iphoneos*]" = "iPhone Developer";
				COPY_PHASE_STRIP = NO;
				DEBUG_INFORMATION_FORMAT = "dwarf-with-dsym";
				ENABLE_NS_ASSERTIONS = NO;
				ENABLE_STRICT_OBJC_MSGSEND = YES;
				GCC_C_LANGUAGE_STANDARD = gnu99;
				GCC_NO_COMMON_BLOCKS = YES;
				GCC_WARN_64_TO_32_BIT_CONVERSION = YES;
				GCC_WARN_ABOUT_RETURN_TYPE = YES_ERROR;
				GCC_WARN_UNDECLARED_SELECTOR = YES;
				GCC_WARN_UNINITIALIZED_AUTOS = YES_AGGRESSIVE;
				GCC_WARN_UNUSED_FUNCTION = YES;
				GCC_WARN_UNUSED_VARIABLE = YES;
				IPHONEOS_DEPLOYMENT_TARGET = 10.3;
				MTL_ENABLE_DEBUG_INFO = NO;
				SDKROOT = iphoneos;
				SWIFT_OPTIMIZATION_LEVEL = "-Owholemodule";
				VALIDATE_PRODUCT = YES;
			};
			name = Release;
		};
		6FC9325B1F565E2500C9952F /* Debug */ = {
			isa = XCBuildConfiguration;
			buildSettings = {
				ASSETCATALOG_COMPILER_APPICON_NAME = AppIcon;
				INFOPLIST_FILE = RunTimeDemo/Info.plist;
				LD_RUNPATH_SEARCH_PATHS = "$(inherited) @executable_path/Frameworks";
				PRODUCT_BUNDLE_IDENTIFIER = com.swiftCode.RunTimeDemo;
				PRODUCT_NAME = "$(TARGET_NAME)";
				SWIFT_VERSION = 3.0;
			};
			name = Debug;
		};
		6FC9325C1F565E2500C9952F /* Release */ = {
			isa = XCBuildConfiguration;
			buildSettings = {
				ASSETCATALOG_COMPILER_APPICON_NAME = AppIcon;
				INFOPLIST_FILE = RunTimeDemo/Info.plist;
				LD_RUNPATH_SEARCH_PATHS = "$(inherited) @executable_path/Frameworks";
				PRODUCT_BUNDLE_IDENTIFIER = com.swiftCode.RunTimeDemo;
				PRODUCT_NAME = "$(TARGET_NAME)";
				SWIFT_VERSION = 3.0;
			};
			name = Release;
		};
/* End XCBuildConfiguration section */

/* Begin XCConfigurationList section */
		6FC932431F565E2500C9952F /* Build configuration list for PBXProject "RunTimeDemo" */ = {
			isa = XCConfigurationList;
			buildConfigurations = (
				6FC932581F565E2500C9952F /* Debug */,
				6FC932591F565E2500C9952F /* Release */,
			);
			defaultConfigurationIsVisible = 0;
			defaultConfigurationName = Release;
		};
		6FC9325A1F565E2500C9952F /* Build configuration list for PBXNativeTarget "RunTimeDemo" */ = {
			isa = XCConfigurationList;
			buildConfigurations = (
				6FC9325B1F565E2500C9952F /* Debug */,
				6FC9325C1F565E2500C9952F /* Release */,
			);
			defaultConfigurationIsVisible = 0;
		};
/* End XCConfigurationList section */
	};
	rootObject = 6FC932401F565E2500C9952F /* Project object */;
}
